
Microsoft Visual Studio Solution File, Format Version 12.00
# Visual Studio 14
VisualStudioVersion = 14.0.25420.1
MinimumVisualStudioVersion = 10.0.40219.1
Project("{FAE04EC0-301F-11D3-BF4B-00C04F79EFBC}") = "ConsoleApplication1", "ConsoleApplication1\ConsoleApplication1.csproj", "{F8A0FFC6-EFD9-41DD-B267-DAE3EA2C1938}"
EndProject
Project("{FAE04EC0-301F-11D3-BF4B-00C04F79EFBC}") = "WindowsFormsApplication1", "WindowsFormsApplication1\WindowsFormsApplication1.csproj", "{79F32568-01D9-4F71-8F4C-744B606B17AE}"
EndProject
Project("{FAE04EC0-301F-11D3-BF4B-00C04F79EFBC}") = "AsyncAwait", "AsyncAwait\AsyncAwait.csproj", "{7019B7D3-9D84-4A44-8CDA-D1F57E9AA29B}"
EndProject
Global
	GlobalSection(SolutionConfigurationPlatforms) = preSolution
		Debug|Any CPU = Debug|Any CPU
		Release|Any CPU = Release|Any CPU
	EndGlobalSection
	GlobalSection(ProjectConfigurationPlatforms) = postSolution
		{F8A0FFC6-EFD9-41DD-B267-DAE3EA2C1938}.Debug|Any CPU.ActiveCfg = Debug|Any CPU
		{F8A0FFC6-EFD9-41DD-B267-DAE3EA2C1938}.Debug|Any CPU.Build.0 = Debug|Any CPU
		{F8A0FFC6-EFD9-41DD-B267-DAE3EA2C1938}.Release|Any CPU.ActiveCfg = Release|Any CPU
		{F8A0FFC6-EFD9-41DD-B267-DAE3EA2C1938}.Release|Any CPU.Build.0 = Release|Any CPU
		{79F32568-01D9-4F71-8F4C-744B606B17AE}.Debug|Any CPU.ActiveCfg = Debug|Any CPU
		{79F32568-01D9-4F71-8F4C-744B606B17AE}.Debug|Any CPU.Build.0 = Debug|Any CPU
		{79F32568-01D9-4F71-8F4C-744B606B17AE}.Release|Any CPU.ActiveCfg = Release|Any CPU
		{79F32568-01D9-4F71-8F4C-744B606B17AE}.Release|Any CPU.Build.0 = Release|Any CPU
		{7019B7D3-9D84-4A44-8CDA-D1F57E9AA29B}.Debug|Any CPU.ActiveCfg = Debug|Any CPU
		{7019B7D3-9D84-4A44-8CDA-D1F57E9AA29B}.Debug|Any CPU.Build.0 = Debug|Any CPU
		{7019B7D3-9D84-4A44-8CDA-D1F57E9AA29B}.Release|Any CPU.ActiveCfg = Release|Any CPU
		{7019B7D3-9D84-4A44-8CDA-D1F57E9AA29B}.Release|Any CPU.Build.0 = Release|Any CPU
	EndGlobalSection
	GlobalSection(SolutionProperties) = preSolution
		HideSolutionNode = FALSE
	EndGlobalSection
EndGlobal
